
Microsoft Visual Studio Solution File, Format Version 12.00
# Visual Studio 15
VisualStudioVersion = 15.0.28307.271
MinimumVisualStudioVersion = 10.0.40219.1
Project("{FAE04EC0-301F-11D3-BF4B-00C04F79EFBC}") = "VideoGamePractice", "VideoGamePractice\VideoGamePractice.csproj", "{C2768329-56A1-4501-BF27-F10787BA8404}"
EndProject
Global
	GlobalSection(SolutionConfigurationPlatforms) = preSolution
		Debug|Any CPU = Debug|Any CPU
		Release|Any CPU = Release|Any CPU
	EndGlobalSection
	GlobalSection(ProjectConfigurationPlatforms) = postSolution
		{C2768329-56A1-4501-BF27-F10787BA8404}.Debug|Any CPU.ActiveCfg = Debug|Any CPU
		{C2768329-56A1-4501-BF27-F10787BA8404}.Debug|Any CPU.Build.0 = Debug|Any CPU
		{C2768329-56A1-4501-BF27-F10787BA8404}.Release|Any CPU.ActiveCfg = Release|Any CPU
		{C2768329-56A1-4501-BF27-F10787BA8404}.Release|Any CPU.Build.0 = Release|Any CPU
	EndGlobalSection
	GlobalSection(SolutionProperties) = preSolution
		HideSolutionNode = FALSE
	EndGlobalSection
	GlobalSection(ExtensibilityGlobals) = postSolution
		SolutionGuid = {5E82011F-76C4-4C76-8492-68D2C72F3598}
	EndGlobalSection
EndGlobal
